[{<<"cowlib">>,
  {git,"https://github.com/ninenines/cowlib",
       {ref,"1786151ebfdfc89201fd1768c20326af129474cb"}},
  1},
 {<<"decimal">>,
  {git,"https://github.com/tim/erlang-decimal.git",
       {ref,"76535937d4cf6da542ada268e16ef94ec385913f"}},
  0},
 {<<"gun">>,
  {git,"https://github.com/ninenines/gun.git",
       {ref,"eb84f7ecab15dbcd5fd64d45e236a47b17b6b20e"}},
  0},
 {<<"jiffy">>,
  {git,"https://github.com/davisp/jiffy.git",
       {ref,"031f9dbbf6c31b83585569cd290504f006540a77"}},
  0},
 {<<"ranch">>,
  {git,"https://github.com/ninenines/ranch",
       {ref,"132dd4dfee8a0cf6f2bd05d21538898bdbbc70ab"}},
  1}].
